
Microsoft Visual Studio Solution File, Format Version 12.00
# Visual Studio Version 17
VisualStudioVersion = 17.3.32922.545
MinimumVisualStudioVersion = 10.0.40219.1
Project("{FAE04EC0-301F-11D3-BF4B-00C04F79EFBC}") = "sandhya_oops_new", "sandhya_oops_new.csproj", "{D816618D-B6BF-4B85-9097-B82FB2F1FC9C}"
EndProject
Global
	GlobalSection(SolutionConfigurationPlatforms) = preSolution
		Debug|Any CPU = Debug|Any CPU
		Release|Any CPU = Release|Any CPU
	EndGlobalSection
	GlobalSection(ProjectConfigurationPlatforms) = postSolution
		{D816618D-B6BF-4B85-9097-B82FB2F1FC9C}.Debug|Any CPU.ActiveCfg = Debug|Any CPU
		{D816618D-B6BF-4B85-9097-B82FB2F1FC9C}.Debug|Any CPU.Build.0 = Debug|Any CPU
		{D816618D-B6BF-4B85-9097-B82FB2F1FC9C}.Release|Any CPU.ActiveCfg = Release|Any CPU
		{D816618D-B6BF-4B85-9097-B82FB2F1FC9C}.Release|Any CPU.Build.0 = Release|Any CPU
	EndGlobalSection
	GlobalSection(SolutionProperties) = preSolution
		HideSolutionNode = FALSE
	EndGlobalSection
	GlobalSection(ExtensibilityGlobals) = postSolution
		SolutionGuid = {31B9834A-423B-4A26-B4FF-4FAA29C36C70}
	EndGlobalSection
EndGlobal
