
Microsoft Visual Studio Solution File, Format Version 12.00
# Visual Studio Version 17
VisualStudioVersion = 17.3.32922.545
MinimumVisualStudioVersion = 10.0.40219.1
Project("{FAE04EC0-301F-11D3-BF4B-00C04F79EFBC}") = "EmployeeConsoleApp", "EmployeeConsoleApp\EmployeeConsoleApp.csproj", "{F02822C1-2E88-4508-AD93-3FEC27929A19}"
EndProject
Global
	GlobalSection(SolutionConfigurationPlatforms) = preSolution
		Debug|Any CPU = Debug|Any CPU
		Release|Any CPU = Release|Any CPU
	EndGlobalSection
	GlobalSection(ProjectConfigurationPlatforms) = postSolution
		{F02822C1-2E88-4508-AD93-3FEC27929A19}.Debug|Any CPU.ActiveCfg = Debug|Any CPU
		{F02822C1-2E88-4508-AD93-3FEC27929A19}.Debug|Any CPU.Build.0 = Debug|Any CPU
		{F02822C1-2E88-4508-AD93-3FEC27929A19}.Release|Any CPU.ActiveCfg = Release|Any CPU
		{F02822C1-2E88-4508-AD93-3FEC27929A19}.Release|Any CPU.Build.0 = Release|Any CPU
	EndGlobalSection
	GlobalSection(SolutionProperties) = preSolution
		HideSolutionNode = FALSE
	EndGlobalSection
	GlobalSection(ExtensibilityGlobals) = postSolution
		SolutionGuid = {63671438-45BE-42DC-8F81-1C2B12AEF4B1}
	EndGlobalSection
EndGlobal
