
Microsoft Visual Studio Solution File, Format Version 12.00
# Visual Studio Version 17
VisualStudioVersion = 17.3.32929.385
MinimumVisualStudioVersion = 10.0.40219.1
Project("{FAE04EC0-301F-11D3-BF4B-00C04F79EFBC}") = "Company1", "Company1\Company1.csproj", "{B12C5124-B514-4D4E-8B90-B3E71353A8CA}"
EndProject
Global
	GlobalSection(SolutionConfigurationPlatforms) = preSolution
		Debug|Any CPU = Debug|Any CPU
		Release|Any CPU = Release|Any CPU
	EndGlobalSection
	GlobalSection(ProjectConfigurationPlatforms) = postSolution
		{B12C5124-B514-4D4E-8B90-B3E71353A8CA}.Debug|Any CPU.ActiveCfg = Debug|Any CPU
		{B12C5124-B514-4D4E-8B90-B3E71353A8CA}.Debug|Any CPU.Build.0 = Debug|Any CPU
		{B12C5124-B514-4D4E-8B90-B3E71353A8CA}.Release|Any CPU.ActiveCfg = Release|Any CPU
		{B12C5124-B514-4D4E-8B90-B3E71353A8CA}.Release|Any CPU.Build.0 = Release|Any CPU
	EndGlobalSection
	GlobalSection(SolutionProperties) = preSolution
		HideSolutionNode = FALSE
	EndGlobalSection
	GlobalSection(ExtensibilityGlobals) = postSolution
		SolutionGuid = {6B745518-2EC2-4102-8BA9-84FB1BC3CFE6}
	EndGlobalSection
EndGlobal
