
Microsoft Visual Studio Solution File, Format Version 12.00
# Visual Studio Version 17
VisualStudioVersion = 17.3.32901.215
MinimumVisualStudioVersion = 10.0.40219.1
Project("{FAE04EC0-301F-11D3-BF4B-00C04F79EFBC}") = "final", "final\final.csproj", "{F959CE70-EA94-4CD0-9660-C57F7DB8ABB1}"
EndProject
Global
	GlobalSection(SolutionConfigurationPlatforms) = preSolution
		Debug|Any CPU = Debug|Any CPU
		Release|Any CPU = Release|Any CPU
	EndGlobalSection
	GlobalSection(ProjectConfigurationPlatforms) = postSolution
		{F959CE70-EA94-4CD0-9660-C57F7DB8ABB1}.Debug|Any CPU.ActiveCfg = Debug|Any CPU
		{F959CE70-EA94-4CD0-9660-C57F7DB8ABB1}.Debug|Any CPU.Build.0 = Debug|Any CPU
		{F959CE70-EA94-4CD0-9660-C57F7DB8ABB1}.Release|Any CPU.ActiveCfg = Release|Any CPU
		{F959CE70-EA94-4CD0-9660-C57F7DB8ABB1}.Release|Any CPU.Build.0 = Release|Any CPU
	EndGlobalSection
	GlobalSection(SolutionProperties) = preSolution
		HideSolutionNode = FALSE
	EndGlobalSection
	GlobalSection(ExtensibilityGlobals) = postSolution
		SolutionGuid = {8F7F0FA1-7D87-464D-B470-0FFD731CC751}
	EndGlobalSection
EndGlobal
