
Microsoft Visual Studio Solution File, Format Version 12.00
# Visual Studio Version 17
VisualStudioVersion = 17.3.32922.545
MinimumVisualStudioVersion = 10.0.40219.1
Project("{FAE04EC0-301F-11D3-BF4B-00C04F79EFBC}") = "RealTimeEmployee", "TejasiAsssignment1\RealTimeEmployee.csproj", "{1DA3A185-B56B-4A91-AE80-DA1DB38006A1}"
EndProject
Global
	GlobalSection(SolutionConfigurationPlatforms) = preSolution
		Debug|Any CPU = Debug|Any CPU
		Release|Any CPU = Release|Any CPU
	EndGlobalSection
	GlobalSection(ProjectConfigurationPlatforms) = postSolution
		{1DA3A185-B56B-4A91-AE80-DA1DB38006A1}.Debug|Any CPU.ActiveCfg = Debug|Any CPU
		{1DA3A185-B56B-4A91-AE80-DA1DB38006A1}.Debug|Any CPU.Build.0 = Debug|Any CPU
		{1DA3A185-B56B-4A91-AE80-DA1DB38006A1}.Release|Any CPU.ActiveCfg = Release|Any CPU
		{1DA3A185-B56B-4A91-AE80-DA1DB38006A1}.Release|Any CPU.Build.0 = Release|Any CPU
	EndGlobalSection
	GlobalSection(SolutionProperties) = preSolution
		HideSolutionNode = FALSE
	EndGlobalSection
	GlobalSection(ExtensibilityGlobals) = postSolution
		SolutionGuid = {FAEB5143-495D-4D32-88AC-4D943F6835B5}
	EndGlobalSection
EndGlobal
