
Microsoft Visual Studio Solution File, Format Version 12.00
# Visual Studio Version 17
VisualStudioVersion = 17.3.32922.545
MinimumVisualStudioVersion = 10.0.40219.1
Project("{FAE04EC0-301F-11D3-BF4B-00C04F79EFBC}") = "EmployeeDetails", "EmployeeDetails\EmployeeDetails.csproj", "{444B3627-5E12-4A23-B3B5-4B7C3AAF41F0}"
EndProject
Global
	GlobalSection(SolutionConfigurationPlatforms) = preSolution
		Debug|Any CPU = Debug|Any CPU
		Release|Any CPU = Release|Any CPU
	EndGlobalSection
	GlobalSection(ProjectConfigurationPlatforms) = postSolution
		{444B3627-5E12-4A23-B3B5-4B7C3AAF41F0}.Debug|Any CPU.ActiveCfg = Debug|Any CPU
		{444B3627-5E12-4A23-B3B5-4B7C3AAF41F0}.Debug|Any CPU.Build.0 = Debug|Any CPU
		{444B3627-5E12-4A23-B3B5-4B7C3AAF41F0}.Release|Any CPU.ActiveCfg = Release|Any CPU
		{444B3627-5E12-4A23-B3B5-4B7C3AAF41F0}.Release|Any CPU.Build.0 = Release|Any CPU
	EndGlobalSection
	GlobalSection(SolutionProperties) = preSolution
		HideSolutionNode = FALSE
	EndGlobalSection
	GlobalSection(ExtensibilityGlobals) = postSolution
		SolutionGuid = {B2A6819D-B336-468F-A4CB-1E9ADDDCC503}
	EndGlobalSection
EndGlobal
