
Microsoft Visual Studio Solution File, Format Version 12.00
# Visual Studio Version 17
VisualStudioVersion = 17.3.32901.215
MinimumVisualStudioVersion = 10.0.40219.1
Project("{FAE04EC0-301F-11D3-BF4B-00C04F79EFBC}") = "Assignment1Final", "Assignment1Final\Assignment1Final.csproj", "{A1B1E6AC-2329-4540-B12F-314B9623FE1C}"
EndProject
Global
	GlobalSection(SolutionConfigurationPlatforms) = preSolution
		Debug|Any CPU = Debug|Any CPU
		Release|Any CPU = Release|Any CPU
	EndGlobalSection
	GlobalSection(ProjectConfigurationPlatforms) = postSolution
		{A1B1E6AC-2329-4540-B12F-314B9623FE1C}.Debug|Any CPU.ActiveCfg = Debug|Any CPU
		{A1B1E6AC-2329-4540-B12F-314B9623FE1C}.Debug|Any CPU.Build.0 = Debug|Any CPU
		{A1B1E6AC-2329-4540-B12F-314B9623FE1C}.Release|Any CPU.ActiveCfg = Release|Any CPU
		{A1B1E6AC-2329-4540-B12F-314B9623FE1C}.Release|Any CPU.Build.0 = Release|Any CPU
	EndGlobalSection
	GlobalSection(SolutionProperties) = preSolution
		HideSolutionNode = FALSE
	EndGlobalSection
	GlobalSection(ExtensibilityGlobals) = postSolution
		SolutionGuid = {6C2AD8C5-9870-41AB-B01D-89A33AE72DFE}
	EndGlobalSection
EndGlobal
